
Microsoft Visual Studio Solution File, Format Version 12.00
# Visual Studio Version 16
VisualStudioVersion = 16.0.30717.126
MinimumVisualStudioVersion = 10.0.40219.1
Project("{FAE04EC0-301F-11D3-BF4B-00C04F79EFBC}") = "Interfaces", "Interfaces\Interfaces.csproj", "{592DE08F-0F3F-4FCB-8676-73BEC964B795}"
EndProject
Global
	GlobalSection(SolutionConfigurationPlatforms) = preSolution
		Debug|Any CPU = Debug|Any CPU
		Release|Any CPU = Release|Any CPU
	EndGlobalSection
	GlobalSection(ProjectConfigurationPlatforms) = postSolution
		{592DE08F-0F3F-4FCB-8676-73BEC964B795}.Debug|Any CPU.ActiveCfg = Debug|Any CPU
		{592DE08F-0F3F-4FCB-8676-73BEC964B795}.Debug|Any CPU.Build.0 = Debug|Any CPU
		{592DE08F-0F3F-4FCB-8676-73BEC964B795}.Release|Any CPU.ActiveCfg = Release|Any CPU
		{592DE08F-0F3F-4FCB-8676-73BEC964B795}.Release|Any CPU.Build.0 = Release|Any CPU
	EndGlobalSection
	GlobalSection(SolutionProperties) = preSolution
		HideSolutionNode = FALSE
	EndGlobalSection
	GlobalSection(ExtensibilityGlobals) = postSolution
		SolutionGuid = {A38EA4A6-FDEE-4AA5-AFD3-F357A7799A59}
	EndGlobalSection
EndGlobal
